
Microsoft Visual Studio Solution File, Format Version 12.00
# Visual Studio Version 16
VisualStudioVersion = 16.0.31112.23
MinimumVisualStudioVersion = 10.0.40219.1
Project("{FAE04EC0-301F-11D3-BF4B-00C04F79EFBC}") = "MilkShop", "MilkShop.csproj", "{DE14C4AF-1B2B-4D56-947C-2BD34EB053CD}"
EndProject
Global
	GlobalSection(SolutionConfigurationPlatforms) = preSolution
		Debug|Any CPU = Debug|Any CPU
		Release|Any CPU = Release|Any CPU
	EndGlobalSection
	GlobalSection(ProjectConfigurationPlatforms) = postSolution
		{DE14C4AF-1B2B-4D56-947C-2BD34EB053CD}.Debug|Any CPU.ActiveCfg = Debug|Any CPU
		{DE14C4AF-1B2B-4D56-947C-2BD34EB053CD}.Debug|Any CPU.Build.0 = Debug|Any CPU
		{DE14C4AF-1B2B-4D56-947C-2BD34EB053CD}.Release|Any CPU.ActiveCfg = Release|Any CPU
		{DE14C4AF-1B2B-4D56-947C-2BD34EB053CD}.Release|Any CPU.Build.0 = Release|Any CPU
	EndGlobalSection
	GlobalSection(SolutionProperties) = preSolution
		HideSolutionNode = FALSE
	EndGlobalSection
	GlobalSection(ExtensibilityGlobals) = postSolution
		SolutionGuid = {E90D8364-D8CD-4B6F-8923-A37CA707993A}
	EndGlobalSection
EndGlobal
